// !$*UTF8*$!
{
	archiveVersion = 1;
	classes = {
	};
	objectVersion = 48;
	objects = {

/* Begin PBXBuildFile section */
		02A9B5A38D5D41FA99CB2A88 /* Pods_weatherapp2Tests.framework in Frameworks */ = {isa = PBXBuildFile; fileRef = 2EE17774AE34283060D55C17 /* Pods_weatherapp2Tests.framework */; };
		8389015E219EE33000B42B24 /* AppDelegate.swift in Sources */ = {isa = PBXBuildFile; fileRef = 8389015D219EE33000B42B24 /* AppDelegate.swift */; };
		83890160219EE33000B42B24 /* ViewController.swift in Sources */ = {isa = PBXBuildFile; fileRef = 8389015F219EE33000B42B24 /* ViewController.swift */; };
		83890163219EE33000B42B24 /* Main.storyboard in Resources */ = {isa = PBXBuildFile; fileRef = 83890161219EE33000B42B24 /* Main.storyboard */; };
		83890165219EE33000B42B24 /* Assets.xcassets in Resources */ = {isa = PBXBuildFile; fileRef = 83890164219EE33000B42B24 /* Assets.xcassets */; };
		83890168219EE33000B42B24 /* LaunchScreen.storyboard in Resources */ = {isa = PBXBuildFile; fileRef = 83890166219EE33000B42B24 /* LaunchScreen.storyboard */; };
		83890173219EE33000B42B24 /* weatherapp2Tests.swift in Sources */ = {isa = PBXBuildFile; fileRef = 83890172219EE33000B42B24 /* weatherapp2Tests.swift */; };
		8389017E219EE33000B42B24 /* weatherapp2UITests.swift in Sources */ = {isa = PBXBuildFile; fileRef = 8389017D219EE33000B42B24 /* weatherapp2UITests.swift */; };
		8389018C219EE4FA00B42B24 /* File.swift in Sources */ = {isa = PBXBuildFile; fileRef = 8389018B219EE4FA00B42B24 /* File.swift */; };
		8389018E219EE51F00B42B24 /* WeatherTableViewCell.swift in Sources */ = {isa = PBXBuildFile; fileRef = 8389018D219EE51F00B42B24 /* WeatherTableViewCell.swift */; };
		D46C704468DFF53D2D12B056 /* Pods_weatherapp2.framework in Frameworks */ = {isa = PBXBuildFile; fileRef = 46F34F521920EAC15D8FC4D3 /* Pods_weatherapp2.framework */; };
		F6520CA0C49F27BDE1F7BA75 /* Pods_weatherapp2UITests.framework in Frameworks */ = {isa = PBXBuildFile; fileRef = AF1CE0A3BDFC8415034A4748 /* Pods_weatherapp2UITests.framework */; };
/* End PBXBuildFile section */

/* Begin PBXContainerItemProxy section */
		8389016F219EE33000B42B24 /* PBXContainerItemProxy */ = {
			isa = PBXContainerItemProxy;
			containerPortal = 83890152219EE32F00B42B24 /* Project object */;
			proxyType = 1;
			remoteGlobalIDString = 83890159219EE33000B42B24;
			remoteInfo = weatherapp2;
		};
		8389017A219EE33000B42B24 /* PBXContainerItemProxy */ = {
			isa = PBXContainerItemProxy;
			containerPortal = 83890152219EE32F00B42B24 /* Project object */;
			proxyType = 1;
			remoteGlobalIDString = 83890159219EE33000B42B24;
			remoteInfo = weatherapp2;
		};
/* End PBXContainerItemProxy section */

/* Begin PBXFileReference section */
		2EE17774AE34283060D55C17 /* Pods_weatherapp2Tests.framework */ = {isa = PBXFileReference; explicitFileType = wrapper.framework; includeInIndex = 0; path = Pods_weatherapp2Tests.framework; sourceTree = BUILT_PRODUCTS_DIR; };
		46F34F521920EAC15D8FC4D3 /* Pods_weatherapp2.framework */ = {isa = PBXFileReference; explicitFileType = wrapper.framework; includeInIndex = 0; path = Pods_weatherapp2.framework; sourceTree = BUILT_PRODUCTS_DIR; };
		5AFB8B2DAAA894232AF24FE9 /* Pods-weatherapp2.debug.xcconfig */ = {isa = PBXFileReference; includeInIndex = 1; lastKnownFileType = text.xcconfig; name = "Pods-weatherapp2.debug.xcconfig"; path = "Pods/Target Support Files/Pods-weatherapp2/Pods-weatherapp2.debug.xcconfig"; sourceTree = "<group>"; };
		8389015A219EE33000B42B24 /* weatherapp2.app */ = {isa = PBXFileReference; explicitFileType = wrapper.application; includeInIndex = 0; path = weatherapp2.app; sourceTree = BUILT_PRODUCTS_DIR; };
		8389015D219EE33000B42B24 /* AppDelegate.swift */ = {isa = PBXFileReference; lastKnownFileType = sourcecode.swift; path = AppDelegate.swift; sourceTree = "<group>"; };
		8389015F219EE33000B42B24 /* ViewController.swift */ = {isa = PBXFileReference; lastKnownFileType = sourcecode.swift; path = ViewController.swift; sourceTree = "<group>"; };
		83890162219EE33000B42B24 /* Base */ = {isa = PBXFileReference; lastKnownFileType = file.storyboard; name = Base; path = Base.lproj/Main.storyboard; sourceTree = "<group>"; };
		83890164219EE33000B42B24 /* Assets.xcassets */ = {isa = PBXFileReference; lastKnownFileType = folder.assetcatalog; path = Assets.xcassets; sourceTree = "<group>"; };
		83890167219EE33000B42B24 /* Base */ = {isa = PBXFileReference; lastKnownFileType = file.storyboard; name = Base; path = Base.lproj/LaunchScreen.storyboard; sourceTree = "<group>"; };
		83890169219EE33000B42B24 /* Info.plist */ = {isa = PBXFileReference; lastKnownFileType = text.plist.xml; path = Info.plist; sourceTree = "<group>"; };
		8389016E219EE33000B42B24 /* weatherapp2Tests.xctest */ = {isa = PBXFileReference; explicitFileType = wrapper.cfbundle; includeInIndex = 0; path = weatherapp2Tests.xctest; sourceTree = BUILT_PRODUCTS_DIR; };
		83890172219EE33000B42B24 /* weatherapp2Tests.swift */ = {isa = PBXFileReference; lastKnownFileType = sourcecode.swift; path = weatherapp2Tests.swift; sourceTree = "<group>"; };
		83890174219EE33000B42B24 /* Info.plist */ = {isa = PBXFileReference; lastKnownFileType = text.plist.xml; path = Info.plist; sourceTree = "<group>"; };
		83890179219EE33000B42B24 /* weatherapp2UITests.xctest */ = {isa = PBXFileReference; explicitFileType = wrapper.cfbundle; includeInIndex = 0; path = weatherapp2UITests.xctest; sourceTree = BUILT_PRODUCTS_DIR; };
		8389017D219EE33000B42B24 /* weatherapp2UITests.swift */ = {isa = PBXFileReference; lastKnownFileType = sourcecode.swift; path = weatherapp2UITests.swift; sourceTree = "<group>"; };
		8389017F219EE33000B42B24 /* Info.plist */ = {isa = PBXFileReference; lastKnownFileType = text.plist.xml; path = Info.plist; sourceTree = "<group>"; };
		8389018B219EE4FA00B42B24 /* File.swift */ = {isa = PBXFileReference; lastKnownFileType = sourcecode.swift; path = File.swift; sourceTree = "<group>"; };
		8389018D219EE51F00B42B24 /* WeatherTableViewCell.swift */ = {isa = PBXFileReference; lastKnownFileType = sourcecode.swift; path = WeatherTableViewCell.swift; sourceTree = "<group>"; };
		87C59772456C160CDEB29680 /* Pods-weatherapp2Tests.release.xcconfig */ = {isa = PBXFileReference; includeInIndex = 1; lastKnownFileType = text.xcconfig; name = "Pods-weatherapp2Tests.release.xcconfig"; path = "Pods/Target Support Files/Pods-weatherapp2Tests/Pods-weatherapp2Tests.release.xcconfig"; sourceTree = "<group>"; };
		AF1CE0A3BDFC8415034A4748 /* Pods_weatherapp2UITests.framework */ = {isa = PBXFileReference; explicitFileType = wrapper.framework; includeInIndex = 0; path = Pods_weatherapp2UITests.framework; sourceTree = BUILT_PRODUCTS_DIR; };
		C1743CC7BB398606099C1B2B /* Pods-weatherapp2.release.xcconfig */ = {isa = PBXFileReference; includeInIndex = 1; lastKnownFileType = text.xcconfig; name = "Pods-weatherapp2.release.xcconfig"; path = "Pods/Target Support Files/Pods-weatherapp2/Pods-weatherapp2.release.xcconfig"; sourceTree = "<group>"; };
		D1979B13DA3140F6640EDF00 /* Pods-weatherapp2Tests.debug.xcconfig */ = {isa = PBXFileReference; includeInIndex = 1; lastKnownFileType = text.xcconfig; name = "Pods-weatherapp2Tests.debug.xcconfig"; path = "Pods/Target Support Files/Pods-weatherapp2Tests/Pods-weatherapp2Tests.debug.xcconfig"; sourceTree = "<group>"; };
		D1E1EE52380AADA3273F8970 /* Pods-weatherapp2UITests.debug.xcconfig */ = {isa = PBXFileReference; includeInIndex = 1; lastKnownFileType = text.xcconfig; name = "Pods-weatherapp2UITests.debug.xcconfig"; path = "Pods/Target Support Files/Pods-weatherapp2UITests/Pods-weatherapp2UITests.debug.xcconfig"; sourceTree = "<group>"; };
		F308E9E5F3CE61D0EF143740 /* Pods-weatherapp2UITests.release.xcconfig */ = {isa = PBXFileReference; includeInIndex = 1; lastKnownFileType = text.xcconfig; name = "Pods-weatherapp2UITests.release.xcconfig"; path = "Pods/Target Support Files/Pods-weatherapp2UITests/Pods-weatherapp2UITests.release.xcconfig"; sourceTree = "<group>"; };
/* End PBXFileReference section */

/* Begin PBXFrameworksBuildPhase section */
		83890157219EE33000B42B24 /* Frameworks */ = {
			isa = PBXFrameworksBuildPhase;
			buildActionMask = 2147483647;
			files = (
				D46C704468DFF53D2D12B056 /* Pods_weatherapp2.framework in Frameworks */,
			);
			runOnlyForDeploymentPostprocessing = 0;
		};
		8389016B219EE33000B42B24 /* Frameworks */ = {
			isa = PBXFrameworksBuildPhase;
			buildActionMask = 2147483647;
			files = (
				02A9B5A38D5D41FA99CB2A88 /* Pods_weatherapp2Tests.framework in Frameworks */,
			);
			runOnlyForDeploymentPostprocessing = 0;
		};
		83890176219EE33000B42B24 /* Frameworks */ = {
			isa = PBXFrameworksBuildPhase;
			buildActionMask = 2147483647;
			files = (
				F6520CA0C49F27BDE1F7BA75 /* Pods_weatherapp2UITests.framework in Frameworks */,
			);
			runOnlyForDeploymentPostprocessing = 0;
		};
/* End PBXFrameworksBuildPhase section */

/* Begin PBXGroup section */
		14A6364BDC2D26838CE22CF6 /* Frameworks */ = {
			isa = PBXGroup;
			children = (
				46F34F521920EAC15D8FC4D3 /* Pods_weatherapp2.framework */,
				2EE17774AE34283060D55C17 /* Pods_weatherapp2Tests.framework */,
				AF1CE0A3BDFC8415034A4748 /* Pods_weatherapp2UITests.framework */,
			);
			name = Frameworks;
			sourceTree = "<group>";
		};
		83890151219EE32F00B42B24 = {
			isa = PBXGroup;
			children = (
				8389015C219EE33000B42B24 /* weatherapp2 */,
				83890171219EE33000B42B24 /* weatherapp2Tests */,
				8389017C219EE33000B42B24 /* weatherapp2UITests */,
				8389015B219EE33000B42B24 /* Products */,
				B7350C221D730E2A0D700399 /* Pods */,
				14A6364BDC2D26838CE22CF6 /* Frameworks */,
			);
			sourceTree = "<group>";
		};
		8389015B219EE33000B42B24 /* Products */ = {
			isa = PBXGroup;
			children = (
				8389015A219EE33000B42B24 /* weatherapp2.app */,
				8389016E219EE33000B42B24 /* weatherapp2Tests.xctest */,
				83890179219EE33000B42B24 /* weatherapp2UITests.xctest */,
			);
			name = Products;
			sourceTree = "<group>";
		};
		8389015C219EE33000B42B24 /* weatherapp2 */ = {
			isa = PBXGroup;
			children = (
				8389015D219EE33000B42B24 /* AppDelegate.swift */,
				8389015F219EE33000B42B24 /* ViewController.swift */,
				8389018D219EE51F00B42B24 /* WeatherTableViewCell.swift */,
				8389018B219EE4FA00B42B24 /* File.swift */,
				83890161219EE33000B42B24 /* Main.storyboard */,
				83890164219EE33000B42B24 /* Assets.xcassets */,
				83890166219EE33000B42B24 /* LaunchScreen.storyboard */,
				83890169219EE33000B42B24 /* Info.plist */,
			);
			path = weatherapp2;
			sourceTree = "<group>";
		};
		83890171219EE33000B42B24 /* weatherapp2Tests */ = {
			isa = PBXGroup;
			children = (
				83890172219EE33000B42B24 /* weatherapp2Tests.swift */,
				83890174219EE33000B42B24 /* Info.plist */,
			);
			path = weatherapp2Tests;
			sourceTree = "<group>";
		};
		8389017C219EE33000B42B24 /* weatherapp2UITests */ = {
			isa = PBXGroup;
			children = (
				8389017D219EE33000B42B24 /* weatherapp2UITests.swift */,
				8389017F219EE33000B42B24 /* Info.plist */,
			);
			path = weatherapp2UITests;
			sourceTree = "<group>";
		};
		B7350C221D730E2A0D700399 /* Pods */ = {
			isa = PBXGroup;
			children = (
				5AFB8B2DAAA894232AF24FE9 /* Pods-weatherapp2.debug.xcconfig */,
				C1743CC7BB398606099C1B2B /* Pods-weatherapp2.release.xcconfig */,
				D1979B13DA3140F6640EDF00 /* Pods-weatherapp2Tests.debug.xcconfig */,
				87C59772456C160CDEB29680 /* Pods-weatherapp2Tests.release.xcconfig */,
				D1E1EE52380AADA3273F8970 /* Pods-weatherapp2UITests.debug.xcconfig */,
				F308E9E5F3CE61D0EF143740 /* Pods-weatherapp2UITests.release.xcconfig */,
			);
			name = Pods;
			sourceTree = "<group>";
		};
/* End PBXGroup section */

/* Begin PBXNativeTarget section */
		83890159219EE33000B42B24 /* weatherapp2 */ = {
			isa = PBXNativeTarget;
			buildConfigurationList = 83890182219EE33000B42B24 /* Build configuration list for PBXNativeTarget "weatherapp2" */;
			buildPhases = (
				506E56E9ADD613157C4356ED /* [CP] Check Pods Manifest.lock */,
				83890156219EE33000B42B24 /* Sources */,
				83890157219EE33000B42B24 /* Frameworks */,
				83890158219EE33000B42B24 /* Resources */,
				1EE927AD994A2E8B796E55F4 /* [CP] Embed Pods Frameworks */,
			);
			buildRules = (
			);
			dependencies = (
			);
			name = weatherapp2;
			productName = weatherapp2;
			productReference = 8389015A219EE33000B42B24 /* weatherapp2.app */;
			productType = "com.apple.product-type.application";
		};
		8389016D219EE33000B42B24 /* weatherapp2Tests */ = {
			isa = PBXNativeTarget;
			buildConfigurationList = 83890185219EE33000B42B24 /* Build configuration list for PBXNativeTarget "weatherapp2Tests" */;
			buildPhases = (
				743CBEDD7E7845AE7C3A69B6 /* [CP] Check Pods Manifest.lock */,
				8389016A219EE33000B42B24 /* Sources */,
				8389016B219EE33000B42B24 /* Frameworks */,
				8389016C219EE33000B42B24 /* Resources */,
			);
			buildRules = (
			);
			dependencies = (
				83890170219EE33000B42B24 /* PBXTargetDependency */,
			);
			name = weatherapp2Tests;
			productName = weatherapp2Tests;
			productReference = 8389016E219EE33000B42B24 /* weatherapp2Tests.xctest */;
			productType = "com.apple.product-type.bundle.unit-test";
		};
		83890178219EE33000B42B24 /* weatherapp2UITests */ = {
			isa = PBXNativeTarget;
			buildConfigurationList = 83890188219EE33000B42B24 /* Build configuration list for PBXNativeTarget "weatherapp2UITests" */;
			buildPhases = (
				87FE10E3D376B6A9738C17EF /* [CP] Check Pods Manifest.lock */,
				83890175219EE33000B42B24 /* Sources */,
				83890176219EE33000B42B24 /* Frameworks */,
				83890177219EE33000B42B24 /* Resources */,
			);
			buildRules = (
			);
			dependencies = (
				8389017B219EE33000B42B24 /* PBXTargetDependency */,
			);
			name = weatherapp2UITests;
			productName = weatherapp2UITests;
			productReference = 83890179219EE33000B42B24 /* weatherapp2UITests.xctest */;
			productType = "com.apple.product-type.bundle.ui-testing";
		};
/* End PBXNativeTarget section */

/* Begin PBXProject section */
		83890152219EE32F00B42B24 /* Project object */ = {
			isa = PBXProject;
			attributes = {
				LastSwiftUpdateCheck = 0900;
				LastUpgradeCheck = 0900;
				ORGANIZATIONNAME = "Ahmed abu elregal";
				TargetAttributes = {
					83890159219EE33000B42B24 = {
						CreatedOnToolsVersion = 9.0;
						ProvisioningStyle = Automatic;
					};
					8389016D219EE33000B42B24 = {
						CreatedOnToolsVersion = 9.0;
						ProvisioningStyle = Automatic;
						TestTargetID = 83890159219EE33000B42B24;
					};
					83890178219EE33000B42B24 = {
						CreatedOnToolsVersion = 9.0;
						ProvisioningStyle = Automatic;
						TestTargetID = 83890159219EE33000B42B24;
					};
				};
			};
			buildConfigurationList = 83890155219EE33000B42B24 /* Build configuration list for PBXProject "weatherapp2" */;
			compatibilityVersion = "Xcode 8.0";
			developmentRegion = en;
			hasScannedForEncodings = 0;
			knownRegions = (
				en,
				Base,
			);
			mainGroup = 83890151219EE32F00B42B24;
			productRefGroup = 8389015B219EE33000B42B24 /* Products */;
			projectDirPath = "";
			projectRoot = "";
			targets = (
				83890159219EE33000B42B24 /* weatherapp2 */,
				8389016D219EE33000B42B24 /* weatherapp2Tests */,
				83890178219EE33000B42B24 /* weatherapp2UITests */,
			);
		};
/* End PBXProject section */

/* Begin PBXResourcesBuildPhase section */
		83890158219EE33000B42B24 /* Resources */ = {
			isa = PBXResourcesBuildPhase;
			buildActionMask = 2147483647;
			files = (
				83890168219EE33000B42B24 /* LaunchScreen.storyboard in Resources */,
				83890165219EE33000B42B24 /* Assets.xcassets in Resources */,
				83890163219EE33000B42B24 /* Main.storyboard in Resources */,
			);
			runOnlyForDeploymentPostprocessing = 0;
		};
		8389016C219EE33000B42B24 /* Resources */ = {
			isa = PBXResourcesBuildPhase;
			buildActionMask = 2147483647;
			files = (
			);
			runOnlyForDeploymentPostprocessing = 0;
		};
		83890177219EE33000B42B24 /* Resources */ = {
			isa = PBXResourcesBuildPhase;
			buildActionMask = 2147483647;
			files = (
			);
			runOnlyForDeploymentPostprocessing = 0;
		};
/* End PBXResourcesBuildPhase section */

/* Begin PBXShellScriptBuildPhase section */
		1EE927AD994A2E8B796E55F4 /* [CP] Embed Pods Frameworks */ = {
			isa = PBXShellScriptBuildPhase;
			buildActionMask = 2147483647;
			files = (
			);
			inputPaths = (
				"${SRCROOT}/Pods/Target Support Files/Pods-weatherapp2/Pods-weatherapp2-frameworks.sh",
				"${BUILT_PRODUCTS_DIR}/Alamofire/Alamofire.framework",
			);
			name = "[CP] Embed Pods Frameworks";
			outputPaths = (
				"${TARGET_BUILD_DIR}/${FRAMEWORKS_FOLDER_PATH}/Alamofire.framework",
			);
			runOnlyForDeploymentPostprocessing = 0;
			shellPath = /bin/sh;
			shellScript = "\"${SRCROOT}/Pods/Target Support Files/Pods-weatherapp2/Pods-weatherapp2-frameworks.sh\"\n";
			showEnvVarsInLog = 0;
		};
		506E56E9ADD613157C4356ED /* [CP] Check Pods Manifest.lock */ = {
			isa = PBXShellScriptBuildPhase;
			buildActionMask = 2147483647;
			files = (
			);
			inputPaths = (
				"${PODS_PODFILE_DIR_PATH}/Podfile.lock",
				"${PODS_ROOT}/Manifest.lock",
			);
			name = "[CP] Check Pods Manifest.lock";
			outputPaths = (
				"$(DERIVED_FILE_DIR)/Pods-weatherapp2-checkManifestLockResult.txt",
			);
			runOnlyForDeploymentPostprocessing = 0;
			shellPath = /bin/sh;
			shellScript = "diff \"${PODS_PODFILE_DIR_PATH}/Podfile.lock\" \"${PODS_ROOT}/Manifest.lock\" > /dev/null\nif [ $? != 0 ] ; then\n    # print error to STDERR\n    echo \"error: The sandbox is not in sync with the Podfile.lock. Run 'pod install' or update your CocoaPods installation.\" >&2\n    exit 1\nfi\n# This output is used by Xcode 'outputs' to avoid re-running this script phase.\necho \"SUCCESS\" > \"${SCRIPT_OUTPUT_FILE_0}\"\n";
			showEnvVarsInLog = 0;
		};
		743CBEDD7E7845AE7C3A69B6 /* [CP] Check Pods Manifest.lock */ = {
			isa = PBXShellScriptBuildPhase;
			buildActionMask = 2147483647;
			files = (
			);
			inputPaths = (
				"${PODS_PODFILE_DIR_PATH}/Podfile.lock",
				"${PODS_ROOT}/Manifest.lock",
			);
			name = "[CP] Check Pods Manifest.lock";
			outputPaths = (
				"$(DERIVED_FILE_DIR)/Pods-weatherapp2Tests-checkManifestLockResult.txt",
			);
			runOnlyForDeploymentPostprocessing = 0;
			shellPath = /bin/sh;
			shellScript = "diff \"${PODS_PODFILE_DIR_PATH}/Podfile.lock\" \"${PODS_ROOT}/Manifest.lock\" > /dev/null\nif [ $? != 0 ] ; then\n    # print error to STDERR\n    echo \"error: The sandbox is not in sync with the Podfile.lock. Run 'pod install' or update your CocoaPods installation.\" >&2\n    exit 1\nfi\n# This output is used by Xcode 'outputs' to avoid re-running this script phase.\necho \"SUCCESS\" > \"${SCRIPT_OUTPUT_FILE_0}\"\n";
			showEnvVarsInLog = 0;
		};
		87FE10E3D376B6A9738C17EF /* [CP] Check Pods Manifest.lock */ = {
			isa = PBXShellScriptBuildPhase;
			buildActionMask = 2147483647;
			files = (
			);
			inputPaths = (
				"${PODS_PODFILE_DIR_PATH}/Podfile.lock",
				"${PODS_ROOT}/Manifest.lock",
			);
			name = "[CP] Check Pods Manifest.lock";
			outputPaths = (
				"$(DERIVED_FILE_DIR)/Pods-weatherapp2UITests-checkManifestLockResult.txt",
			);
			runOnlyForDeploymentPostprocessing = 0;
			shellPath = /bin/sh;
			shellScript = "diff \"${PODS_PODFILE_DIR_PATH}/Podfile.lock\" \"${PODS_ROOT}/Manifest.lock\" > /dev/null\nif [ $? != 0 ] ; then\n    # print error to STDERR\n    echo \"error: The sandbox is not in sync with the Podfile.lock. Run 'pod install' or update your CocoaPods installation.\" >&2\n    exit 1\nfi\n# This output is used by Xcode 'outputs' to avoid re-running this script phase.\necho \"SUCCESS\" > \"${SCRIPT_OUTPUT_FILE_0}\"\n";
			showEnvVarsInLog = 0;
		};
/* End PBXShellScriptBuildPhase section */

/* Begin PBXSourcesBuildPhase section */
		83890156219EE33000B42B24 /* Sources */ = {
			isa = PBXSourcesBuildPhase;
			buildActionMask = 2147483647;
			files = (
				8389018E219EE51F00B42B24 /* WeatherTableViewCell.swift in Sources */,
				83890160219EE33000B42B24 /* ViewController.swift in Sources */,
				8389018C219EE4FA00B42B24 /* File.swift in Sources */,
				8389015E219EE33000B42B24 /* AppDelegate.swift in Sources */,
			);
			runOnlyForDeploymentPostprocessing = 0;
		};
		8389016A219EE33000B42B24 /* Sources */ = {
			isa = PBXSourcesBuildPhase;
			buildActionMask = 2147483647;
			files = (
				83890173219EE33000B42B24 /* weatherapp2Tests.swift in Sources */,
			);
			runOnlyForDeploymentPostprocessing = 0;
		};
		83890175219EE33000B42B24 /* Sources */ = {
			isa = PBXSourcesBuildPhase;
			buildActionMask = 2147483647;
			files = (
				8389017E219EE33000B42B24 /* weatherapp2UITests.swift in Sources */,
			);
			runOnlyForDeploymentPostprocessing = 0;
		};
/* End PBXSourcesBuildPhase section */

/* Begin PBXTargetDependency section */
		83890170219EE33000B42B24 /* PBXTargetDependency */ = {
			isa = PBXTargetDependency;
			target = 83890159219EE33000B42B24 /* weatherapp2 */;
			targetProxy = 8389016F219EE33000B42B24 /* PBXContainerItemProxy */;
		};
		8389017B219EE33000B42B24 /* PBXTargetDependency */ = {
			isa = PBXTargetDependency;
			target = 83890159219EE33000B42B24 /* weatherapp2 */;
			targetProxy = 8389017A219EE33000B42B24 /* PBXContainerItemProxy */;
		};
/* End PBXTargetDependency section */

/* Begin PBXVariantGroup section */
		83890161219EE33000B42B24 /* Main.storyboard */ = {
			isa = PBXVariantGroup;
			children = (
				83890162219EE33000B42B24 /* Base */,
			);
			name = Main.storyboard;
			sourceTree = "<group>";
		};
		83890166219EE33000B42B24 /* LaunchScreen.storyboard */ = {
			isa = PBXVariantGroup;
			children = (
				83890167219EE33000B42B24 /* Base */,
			);
			name = LaunchScreen.storyboard;
			sourceTree = "<group>";
		};
/* End PBXVariantGroup section */

/* Begin XCBuildConfiguration section */
		83890180219EE33000B42B24 /* Debug */ = {
			isa = XCBuildConfiguration;
			buildSettings = {
				ALWAYS_SEARCH_USER_PATHS = NO;
				CLANG_ANALYZER_NONNULL = YES;
				CLANG_ANALYZER_NUMBER_OBJECT_CONVERSION = YES_AGGRESSIVE;
				CLANG_CXX_LANGUAGE_STANDARD = "gnu++14";
				CLANG_CXX_LIBRARY = "libc++";
				CLANG_ENABLE_MODULES = YES;
				CLANG_ENABLE_OBJC_ARC = YES;
				CLANG_WARN_BLOCK_CAPTURE_AUTORELEASING = YES;
				CLANG_WARN_BOOL_CONVERSION = YES;
				CLANG_WARN_COMMA = YES;
				CLANG_WARN_CONSTANT_CONVERSION = YES;
				CLANG_WARN_DIRECT_OBJC_ISA_USAGE = YES_ERROR;
				CLANG_WARN_DOCUMENTATION_COMMENTS = YES;
				CLANG_WARN_EMPTY_BODY = YES;
				CLANG_WARN_ENUM_CONVERSION = YES;
				CLANG_WARN_INFINITE_RECURSION = YES;
				CLANG_WARN_INT_CONVERSION = YES;
				CLANG_WARN_NON_LITERAL_NULL_CONVERSION = YES;
				CLANG_WARN_OBJC_LITERAL_CONVERSION = YES;
				CLANG_WARN_OBJC_ROOT_CLASS = YES_ERROR;
				CLANG_WARN_RANGE_LOOP_ANALYSIS = YES;
				CLANG_WARN_STRICT_PROTOTYPES = YES;
				CLANG_WARN_SUSPICIOUS_MOVE = YES;
				CLANG_WARN_UNGUARDED_AVAILABILITY = YES_AGGRESSIVE;
				CLANG_WARN_UNREACHABLE_CODE = YES;
				CLANG_WARN__DUPLICATE_METHOD_MATCH = YES;
				CODE_SIGN_IDENTITY = "iPhone Developer";
				COPY_PHASE_STRIP = NO;
				DEBUG_INFORMATION_FORMAT = dwarf;
				ENABLE_STRICT_OBJC_MSGSEND = YES;
				ENABLE_TESTABILITY = YES;
				GCC_C_LANGUAGE_STANDARD = gnu11;
				GCC_DYNAMIC_NO_PIC = NO;
				GCC_NO_COMMON_BLOCKS = YES;
				GCC_OPTIMIZATION_LEVEL = 0;
				GCC_PREPROCESSOR_DEFINITIONS = (
					"DEBUG=1",
					"$(inherited)",
				);
				GCC_WARN_64_TO_32_BIT_CONVERSION = YES;
				GCC_WARN_ABOUT_RETURN_TYPE = YES_ERROR;
				GCC_WARN_UNDECLARED_SELECTOR = YES;
				GCC_WARN_UNINITIALIZED_AUTOS = YES_AGGRESSIVE;
				GCC_WARN_UNUSED_FUNCTION = YES;
				GCC_WARN_UNUSED_VARIABLE = YES;
				IPHONEOS_DEPLOYMENT_TARGET = 11.0;
				MTL_ENABLE_DEBUG_INFO = YES;
				ONLY_ACTIVE_ARCH = YES;
				SDKROOT = iphoneos;
				SWIFT_ACTIVE_COMPILATION_CONDITIONS = DEBUG;
				SWIFT_OPTIMIZATION_LEVEL = "-Onone";
			};
			name = Debug;
		};
		83890181219EE33000B42B24 /* Release */ = {
			isa = XCBuildConfiguration;
			buildSettings = {
				ALWAYS_SEARCH_USER_PATHS = NO;
				CLANG_ANALYZER_NONNULL = YES;
				CLANG_ANALYZER_NUMBER_OBJECT_CONVERSION = YES_AGGRESSIVE;
				CLANG_CXX_LANGUAGE_STANDARD = "gnu++14";
				CLANG_CXX_LIBRARY = "libc++";
				CLANG_ENABLE_MODULES = YES;
				CLANG_ENABLE_OBJC_ARC = YES;
				CLANG_WARN_BLOCK_CAPTURE_AUTORELEASING = YES;
				CLANG_WARN_BOOL_CONVERSION = YES;
				CLANG_WARN_COMMA = YES;
				CLANG_WARN_CONSTANT_CONVERSION = YES;
				CLANG_WARN_DIRECT_OBJC_ISA_USAGE = YES_ERROR;
				CLANG_WARN_DOCUMENTATION_COMMENTS = YES;
				CLANG_WARN_EMPTY_BODY = YES;
				CLANG_WARN_ENUM_CONVERSION = YES;
				CLANG_WARN_INFINITE_RECURSION = YES;
				CLANG_WARN_INT_CONVERSION = YES;
				CLANG_WARN_NON_LITERAL_NULL_CONVERSION = YES;
				CLANG_WARN_OBJC_LITERAL_CONVERSION = YES;
				CLANG_WARN_OBJC_ROOT_CLASS = YES_ERROR;
				CLANG_WARN_RANGE_LOOP_ANALYSIS = YES;
				CLANG_WARN_STRICT_PROTOTYPES = YES;
				CLANG_WARN_SUSPICIOUS_MOVE = YES;
				CLANG_WARN_UNGUARDED_AVAILABILITY = YES_AGGRESSIVE;
				CLANG_WARN_UNREACHABLE_CODE = YES;
				CLANG_WARN__DUPLICATE_METHOD_MATCH = YES;
				CODE_SIGN_IDENTITY = "iPhone Developer";
				COPY_PHASE_STRIP = NO;
				DEBUG_INFORMATION_FORMAT = "dwarf-with-dsym";
				ENABLE_NS_ASSERTIONS = NO;
				ENABLE_STRICT_OBJC_MSGSEND = YES;
				GCC_C_LANGUAGE_STANDARD = gnu11;
				GCC_NO_COMMON_BLOCKS = YES;
				GCC_WARN_64_TO_32_BIT_CONVERSION = YES;
				GCC_WARN_ABOUT_RETURN_TYPE = YES_ERROR;
				GCC_WARN_UNDECLARED_SELECTOR = YES;
				GCC_WARN_UNINITIALIZED_AUTOS = YES_AGGRESSIVE;
				GCC_WARN_UNUSED_FUNCTION = YES;
				GCC_WARN_UNUSED_VARIABLE = YES;
				IPHONEOS_DEPLOYMENT_TARGET = 11.0;
				MTL_ENABLE_DEBUG_INFO = NO;
				SDKROOT = iphoneos;
				SWIFT_OPTIMIZATION_LEVEL = "-Owholemodule";
				VALIDATE_PRODUCT = YES;
			};
			name = Release;
		};
		83890183219EE33000B42B24 /* Debug */ = {
			isa = XCBuildConfiguration;
			baseConfigurationReference = 5AFB8B2DAAA894232AF24FE9 /* Pods-weatherapp2.debug.xcconfig */;
			buildSettings = {
				ASSETCATALOG_COMPILER_APPICON_NAME = AppIcon;
				CODE_SIGN_STYLE = Automatic;
				INFOPLIST_FILE = weatherapp2/Info.plist;
				LD_RUNPATH_SEARCH_PATHS = "$(inherited) @executable_path/Frameworks";
				PRODUCT_BUNDLE_IDENTIFIER = weatherApp2.weatherapp2;
				PRODUCT_NAME = "$(TARGET_NAME)";
				SWIFT_VERSION = 4.0;
				TARGETED_DEVICE_FAMILY = "1,2";
			};
			name = Debug;
		};
		83890184219EE33000B42B24 /* Release */ = {
			isa = XCBuildConfiguration;
			baseConfigurationReference = C1743CC7BB398606099C1B2B /* Pods-weatherapp2.release.xcconfig */;
			buildSettings = {
				ASSETCATALOG_COMPILER_APPICON_NAME = AppIcon;
				CODE_SIGN_STYLE = Automatic;
				INFOPLIST_FILE = weatherapp2/Info.plist;
				LD_RUNPATH_SEARCH_PATHS = "$(inherited) @executable_path/Frameworks";
				PRODUCT_BUNDLE_IDENTIFIER = weatherApp2.weatherapp2;
				PRODUCT_NAME = "$(TARGET_NAME)";
				SWIFT_VERSION = 4.0;
				TARGETED_DEVICE_FAMILY = "1,2";
			};
			name = Release;
		};
		83890186219EE33000B42B24 /* Debug */ = {
			isa = XCBuildConfiguration;
			baseConfigurationReference = D1979B13DA3140F6640EDF00 /* Pods-weatherapp2Tests.debug.xcconfig */;
			buildSettings = {
				ALWAYS_EMBED_SWIFT_STANDARD_LIBRARIES = YES;
				BUNDLE_LOADER = "$(TEST_HOST)";
				CODE_SIGN_STYLE = Automatic;
				INFOPLIST_FILE = weatherapp2Tests/Info.plist;
				LD_RUNPATH_SEARCH_PATHS = "$(inherited) @executable_path/Frameworks @loader_path/Frameworks";
				PRODUCT_BUNDLE_IDENTIFIER = weatherApp2.weatherapp2Tests;
				PRODUCT_NAME = "$(TARGET_NAME)";
				SWIFT_VERSION = 4.0;
				TARGETED_DEVICE_FAMILY = "1,2";
				TEST_HOST = "$(BUILT_PRODUCTS_DIR)/weatherapp2.app/weatherapp2";
			};
			name = Debug;
		};
		83890187219EE33000B42B24 /* Release */ = {
			isa = XCBuildConfiguration;
			baseConfigurationReference = 87C59772456C160CDEB29680 /* Pods-weatherapp2Tests.release.xcconfig */;
			buildSettings = {
				ALWAYS_EMBED_SWIFT_STANDARD_LIBRARIES = YES;
				BUNDLE_LOADER = "$(TEST_HOST)";
				CODE_SIGN_STYLE = Automatic;
				INFOPLIST_FILE = weatherapp2Tests/Info.plist;
				LD_RUNPATH_SEARCH_PATHS = "$(inherited) @executable_path/Frameworks @loader_path/Frameworks";
				PRODUCT_BUNDLE_IDENTIFIER = weatherApp2.weatherapp2Tests;
				PRODUCT_NAME = "$(TARGET_NAME)";
				SWIFT_VERSION = 4.0;
				TARGETED_DEVICE_FAMILY = "1,2";
				TEST_HOST = "$(BUILT_PRODUCTS_DIR)/weatherapp2.app/weatherapp2";
			};
			name = Release;
		};
		83890189219EE33000B42B24 /* Debug */ = {
			isa = XCBuildConfiguration;
			baseConfigurationReference = D1E1EE52380AADA3273F8970 /* Pods-weatherapp2UITests.debug.xcconfig */;
			buildSettings = {
				ALWAYS_EMBED_SWIFT_STANDARD_LIBRARIES = YES;
				CODE_SIGN_STYLE = Automatic;
				INFOPLIST_FILE = weatherapp2UITests/Info.plist;
				LD_RUNPATH_SEARCH_PATHS = "$(inherited) @executable_path/Frameworks @loader_path/Frameworks";
				PRODUCT_BUNDLE_IDENTIFIER = weatherApp2.weatherapp2UITests;
				PRODUCT_NAME = "$(TARGET_NAME)";
				SWIFT_VERSION = 4.0;
				TARGETED_DEVICE_FAMILY = "1,2";
				TEST_TARGET_NAME = weatherapp2;
			};
			name = Debug;
		};
		8389018A219EE33000B42B24 /* Release */ = {
			isa = XCBuildConfiguration;
			baseConfigurationReference = F308E9E5F3CE61D0EF143740 /* Pods-weatherapp2UITests.release.xcconfig */;
			buildSettings = {
				ALWAYS_EMBED_SWIFT_STANDARD_LIBRARIES = YES;
				CODE_SIGN_STYLE = Automatic;
				INFOPLIST_FILE = weatherapp2UITests/Info.plist;
				LD_RUNPATH_SEARCH_PATHS = "$(inherited) @executable_path/Frameworks @loader_path/Frameworks";
				PRODUCT_BUNDLE_IDENTIFIER = weatherApp2.weatherapp2UITests;
				PRODUCT_NAME = "$(TARGET_NAME)";
				SWIFT_VERSION = 4.0;
				TARGETED_DEVICE_FAMILY = "1,2";
				TEST_TARGET_NAME = weatherapp2;
			};
			name = Release;
		};
/* End XCBuildConfiguration section */

/* Begin XCConfigurationList section */
		83890155219EE33000B42B24 /* Build configuration list for PBXProject "weatherapp2" */ = {
			isa = XCConfigurationList;
			buildConfigurations = (
				83890180219EE33000B42B24 /* Debug */,
				83890181219EE33000B42B24 /* Release */,
			);
			defaultConfigurationIsVisible = 0;
			defaultConfigurationName = Release;
		};
		83890182219EE33000B42B24 /* Build configuration list for PBXNativeTarget "weatherapp2" */ = {
			isa = XCConfigurationList;
			buildConfigurations = (
				83890183219EE33000B42B24 /* Debug */,
				83890184219EE33000B42B24 /* Release */,
			);
			defaultConfigurationIsVisible = 0;
			defaultConfigurationName = Release;
		};
		83890185219EE33000B42B24 /* Build configuration list for PBXNativeTarget "weatherapp2Tests" */ = {
			isa = XCConfigurationList;
			buildConfigurations = (
				83890186219EE33000B42B24 /* Debug */,
				83890187219EE33000B42B24 /* Release */,
			);
			defaultConfigurationIsVisible = 0;
			defaultConfigurationName = Release;
		};
		83890188219EE33000B42B24 /* Build configuration list for PBXNativeTarget "weatherapp2UITests" */ = {
			isa = XCConfigurationList;
			buildConfigurations = (
				83890189219EE33000B42B24 /* Debug */,
				8389018A219EE33000B42B24 /* Release */,
			);
			defaultConfigurationIsVisible = 0;
			defaultConfigurationName = Release;
		};
/* End XCConfigurationList section */
	};
	rootObject = 83890152219EE32F00B42B24 /* Project object */;
}
